
Microsoft Visual Studio Solution File, Format Version 12.00
# Visual Studio Version 17
VisualStudioVersion = 17.13.35605.110
MinimumVisualStudioVersion = 10.0.40219.1
Project("{FAE04EC0-301F-11D3-BF4B-00C04F79EFBC}") = "Mvc-Projem", "Mvc-Projem\Mvc-Projem.csproj", "{45013E1C-F309-45BF-99E3-6359D42104B4}"
EndProject
Global
	GlobalSection(SolutionConfigurationPlatforms) = preSolution
		Debug|Any CPU = Debug|Any CPU
		Release|Any CPU = Release|Any CPU
	EndGlobalSection
	GlobalSection(ProjectConfigurationPlatforms) = postSolution
		{45013E1C-F309-45BF-99E3-6359D42104B4}.Debug|Any CPU.ActiveCfg = Debug|Any CPU
		{45013E1C-F309-45BF-99E3-6359D42104B4}.Debug|Any CPU.Build.0 = Debug|Any CPU
		{45013E1C-F309-45BF-99E3-6359D42104B4}.Release|Any CPU.ActiveCfg = Release|Any CPU
		{45013E1C-F309-45BF-99E3-6359D42104B4}.Release|Any CPU.Build.0 = Release|Any CPU
	EndGlobalSection
	GlobalSection(SolutionProperties) = preSolution
		HideSolutionNode = FALSE
	EndGlobalSection
	GlobalSection(ExtensibilityGlobals) = postSolution
		SolutionGuid = {4BAC32F4-EB86-460B-A67A-6B394D93357D}
	EndGlobalSection
EndGlobal
